// !$*UTF8*$!
{
	archiveVersion = 1;
	classes = {
	};
	objectVersion = 46;
	objects = {

/* Begin PBXBuildFile section */
		AF50388217237A8C002E5EF8 /* Foundation.framework in Frameworks */ = {isa = PBXBuildFile; fileRef = AF50388117237A8C002E5EF8 /* Foundation.framework */; };
		AF50388717237A8C002E5EF8 /* ActozSDKLib.h in CopyFiles */ = {isa = PBXBuildFile; fileRef = AF50388617237A8C002E5EF8 /* ActozSDKLib.h */; };
		AF50388917237A8C002E5EF8 /* ActozSDKLib.m in Sources */ = {isa = PBXBuildFile; fileRef = AF50388817237A8C002E5EF8 /* ActozSDKLib.m */; };
		AF5038B817237AA2002E5EF8 /* ASIAuthenticationDialog.m in Sources */ = {isa = PBXBuildFile; fileRef = AF50389117237AA2002E5EF8 /* ASIAuthenticationDialog.m */; };
		AF5038B917237AA2002E5EF8 /* ASIDataCompressor.m in Sources */ = {isa = PBXBuildFile; fileRef = AF50389317237AA2002E5EF8 /* ASIDataCompressor.m */; };
		AF5038BA17237AA2002E5EF8 /* ASIDataDecompressor.m in Sources */ = {isa = PBXBuildFile; fileRef = AF50389517237AA2002E5EF8 /* ASIDataDecompressor.m */; };
		AF5038BB17237AA2002E5EF8 /* ASIDownloadCache.m in Sources */ = {isa = PBXBuildFile; fileRef = AF50389717237AA2002E5EF8 /* ASIDownloadCache.m */; };
		AF5038BC17237AA2002E5EF8 /* ASIFormDataRequest.m in Sources */ = {isa = PBXBuildFile; fileRef = AF50389917237AA2002E5EF8 /* ASIFormDataRequest.m */; };
		AF5038BD17237AA2002E5EF8 /* ASIHTTPRequest.m in Sources */ = {isa = PBXBuildFile; fileRef = AF50389B17237AA2002E5EF8 /* ASIHTTPRequest.m */; };
		AF5038BE17237AA2002E5EF8 /* ASIInputStream.m in Sources */ = {isa = PBXBuildFile; fileRef = AF50389F17237AA2002E5EF8 /* ASIInputStream.m */; };
		AF5038BF17237AA2002E5EF8 /* ASINetworkQueue.m in Sources */ = {isa = PBXBuildFile; fileRef = AF5038A117237AA2002E5EF8 /* ASINetworkQueue.m */; };
		AF5038C017237AA2002E5EF8 /* CustomProgress.m in Sources */ = {isa = PBXBuildFile; fileRef = AF5038A417237AA2002E5EF8 /* CustomProgress.m */; };
		AF5038C117237AA2002E5EF8 /* Reachability.m in Sources */ = {isa = PBXBuildFile; fileRef = AF5038A917237AA2002E5EF8 /* Reachability.m */; };
		AF5038C217237AA2002E5EF8 /* NSObject+SBJSON.m in Sources */ = {isa = PBXBuildFile; fileRef = AF5038AD17237AA2002E5EF8 /* NSObject+SBJSON.m */; };
		AF5038C317237AA2002E5EF8 /* NSString+SBJSON.m in Sources */ = {isa = PBXBuildFile; fileRef = AF5038AF17237AA2002E5EF8 /* NSString+SBJSON.m */; };
		AF5038C417237AA2002E5EF8 /* SBJSON.m in Sources */ = {isa = PBXBuildFile; fileRef = AF5038B117237AA2002E5EF8 /* SBJSON.m */; };
		AF5038C517237AA2002E5EF8 /* SBJsonBase.m in Sources */ = {isa = PBXBuildFile; fileRef = AF5038B317237AA2002E5EF8 /* SBJsonBase.m */; };
		AF5038C617237AA2002E5EF8 /* SBJsonParser.m in Sources */ = {isa = PBXBuildFile; fileRef = AF5038B517237AA2002E5EF8 /* SBJsonParser.m */; };
		AF5038C717237AA2002E5EF8 /* SBJsonWriter.m in Sources */ = {isa = PBXBuildFile; fileRef = AF5038B717237AA2002E5EF8 /* SBJsonWriter.m */; };
		AF5038CB17237AD9002E5EF8 /* CoreGraphics.framework in Frameworks */ = {isa = PBXBuildFile; fileRef = AF5038CA17237AD9002E5EF8 /* CoreGraphics.framework */; };
		AF5038CD17237ADE002E5EF8 /* libz.dylib in Frameworks */ = {isa = PBXBuildFile; fileRef = AF5038CC17237ADE002E5EF8 /* libz.dylib */; };
		AF5038CF17237AE4002E5EF8 /* MobileCoreServices.framework in Frameworks */ = {isa = PBXBuildFile; fileRef = AF5038CE17237AE4002E5EF8 /* MobileCoreServices.framework */; };
		AF5038D117237AEC002E5EF8 /* SystemConfiguration.framework in Frameworks */ = {isa = PBXBuildFile; fileRef = AF5038D017237AEC002E5EF8 /* SystemConfiguration.framework */; };
		AF5038D317237AF1002E5EF8 /* CFNetwork.framework in Frameworks */ = {isa = PBXBuildFile; fileRef = AF5038D217237AF1002E5EF8 /* CFNetwork.framework */; };
/* End PBXBuildFile section */

/* Begin PBXCopyFilesBuildPhase section */
		AF50387C17237A8C002E5EF8 /* CopyFiles */ = {
			isa = PBXCopyFilesBuildPhase;
			buildActionMask = 2147483647;
			dstPath = "include/${PRODUCT_NAME}";
			dstSubfolderSpec = 16;
			files = (
				AF50388717237A8C002E5EF8 /* ActozSDKLib.h in CopyFiles */,
			);
			runOnlyForDeploymentPostprocessing = 0;
		};
/* End PBXCopyFilesBuildPhase section */

/* Begin PBXFileReference section */
		AF50387E17237A8C002E5EF8 /* libActozSDKLib.a */ = {isa = PBXFileReference; explicitFileType = archive.ar; includeInIndex = 0; path = libActozSDKLib.a; sourceTree = BUILT_PRODUCTS_DIR; };
		AF50388117237A8C002E5EF8 /* Foundation.framework */ = {isa = PBXFileReference; lastKnownFileType = wrapper.framework; name = Foundation.framework; path = System/Library/Frameworks/Foundation.framework; sourceTree = SDKROOT; };
		AF50388517237A8C002E5EF8 /* ActozSDKLib-Prefix.pch */ = {isa = PBXFileReference; lastKnownFileType = sourcecode.c.h; path = "ActozSDKLib-Prefix.pch"; sourceTree = "<group>"; };
		AF50388617237A8C002E5EF8 /* ActozSDKLib.h */ = {isa = PBXFileReference; lastKnownFileType = sourcecode.c.h; path = ActozSDKLib.h; sourceTree = "<group>"; };
		AF50388817237A8C002E5EF8 /* ActozSDKLib.m */ = {isa = PBXFileReference; lastKnownFileType = sourcecode.c.objc; path = ActozSDKLib.m; sourceTree = "<group>"; };
		AF50389017237AA2002E5EF8 /* ASIAuthenticationDialog.h */ = {isa = PBXFileReference; fileEncoding = 4; lastKnownFileType = sourcecode.c.h; path = ASIAuthenticationDialog.h; sourceTree = "<group>"; };
		AF50389117237AA2002E5EF8 /* ASIAuthenticationDialog.m */ = {isa = PBXFileReference; fileEncoding = 4; lastKnownFileType = sourcecode.c.objc; path = ASIAuthenticationDialog.m; sourceTree = "<group>"; };
		AF50389217237AA2002E5EF8 /* ASIDataCompressor.h */ = {isa = PBXFileReference; fileEncoding = 4; lastKnownFileType = sourcecode.c.h; path = ASIDataCompressor.h; sourceTree = "<group>"; };
		AF50389317237AA2002E5EF8 /* ASIDataCompressor.m */ = {isa = PBXFileReference; fileEncoding = 4; lastKnownFileType = sourcecode.c.objc; path = ASIDataCompressor.m; sourceTree = "<group>"; };
		AF50389417237AA2002E5EF8 /* ASIDataDecompressor.h */ = {isa = PBXFileReference; fileEncoding = 4; lastKnownFileType = sourcecode.c.h; path = ASIDataDecompressor.h; sourceTree = "<group>"; };
		AF50389517237AA2002E5EF8 /* ASIDataDecompressor.m */ = {isa = PBXFileReference; fileEncoding = 4; lastKnownFileType = sourcecode.c.objc; path = ASIDataDecompressor.m; sourceTree = "<group>"; };
		AF50389617237AA2002E5EF8 /* ASIDownloadCache.h */ = {isa = PBXFileReference; fileEncoding = 4; lastKnownFileType = sourcecode.c.h; path = ASIDownloadCache.h; sourceTree = "<group>"; };
		AF50389717237AA2002E5EF8 /* ASIDownloadCache.m */ = {isa = PBXFileReference; fileEncoding = 4; lastKnownFileType = sourcecode.c.objc; path = ASIDownloadCache.m; sourceTree = "<group>"; };
		AF50389817237AA2002E5EF8 /* ASIFormDataRequest.h */ = {isa = PBXFileReference; fileEncoding = 4; lastKnownFileType = sourcecode.c.h; path = ASIFormDataRequest.h; sourceTree = "<group>"; };
		AF50389917237AA2002E5EF8 /* ASIFormDataRequest.m */ = {isa = PBXFileReference; fileEncoding = 4; lastKnownFileType = sourcecode.c.objc; path = ASIFormDataRequest.m; sourceTree = "<group>"; };
		AF50389A17237AA2002E5EF8 /* ASIHTTPRequest.h */ = {isa = PBXFileReference; fileEncoding = 4; lastKnownFileType = sourcecode.c.h; path = ASIHTTPRequest.h; sourceTree = "<group>"; };
		AF50389B17237AA2002E5EF8 /* ASIHTTPRequest.m */ = {isa = PBXFileReference; fileEncoding = 4; lastKnownFileType = sourcecode.c.objc; path = ASIHTTPRequest.m; sourceTree = "<group>"; };
		AF50389C17237AA2002E5EF8 /* ASIHTTPRequestConfig.h */ = {isa = PBXFileReference; fileEncoding = 4; lastKnownFileType = sourcecode.c.h; path = ASIHTTPRequestConfig.h; sourceTree = "<group>"; };
		AF50389D17237AA2002E5EF8 /* ASIHTTPRequestDelegate.h */ = {isa = PBXFileReference; fileEncoding = 4; lastKnownFileType = sourcecode.c.h; path = ASIHTTPRequestDelegate.h; sourceTree = "<group>"; };
		AF50389E17237AA2002E5EF8 /* ASIInputStream.h */ = {isa = PBXFileReference; fileEncoding = 4; lastKnownFileType = sourcecode.c.h; path = ASIInputStream.h; sourceTree = "<group>"; };
		AF50389F17237AA2002E5EF8 /* ASIInputStream.m */ = {isa = PBXFileReference; fileEncoding = 4; lastKnownFileType = sourcecode.c.objc; path = ASIInputStream.m; sourceTree = "<group>"; };
		AF5038A017237AA2002E5EF8 /* ASINetworkQueue.h */ = {isa = PBXFileReference; fileEncoding = 4; lastKnownFileType = sourcecode.c.h; path = ASINetworkQueue.h; sourceTree = "<group>"; };
		AF5038A117237AA2002E5EF8 /* ASINetworkQueue.m */ = {isa = PBXFileReference; fileEncoding = 4; lastKnownFileType = sourcecode.c.objc; path = ASINetworkQueue.m; sourceTree = "<group>"; };
		AF5038A217237AA2002E5EF8 /* ASIProgressDelegate.h */ = {isa = PBXFileReference; fileEncoding = 4; lastKnownFileType = sourcecode.c.h; path = ASIProgressDelegate.h; sourceTree = "<group>"; };
		AF5038A317237AA2002E5EF8 /* CustomProgress.h */ = {isa = PBXFileReference; fileEncoding = 4; lastKnownFileType = sourcecode.c.h; path = CustomProgress.h; sourceTree = "<group>"; };
		AF5038A417237AA2002E5EF8 /* CustomProgress.m */ = {isa = PBXFileReference; fileEncoding = 4; lastKnownFileType = sourcecode.c.objc; path = CustomProgress.m; sourceTree = "<group>"; };
		AF5038A517237AA2002E5EF8 /* DefineHeader.h */ = {isa = PBXFileReference; fileEncoding = 4; lastKnownFileType = sourcecode.c.h; path = DefineHeader.h; sourceTree = "<group>"; };
		AF5038A817237AA2002E5EF8 /* Reachability.h */ = {isa = PBXFileReference; fileEncoding = 4; lastKnownFileType = sourcecode.c.h; path = Reachability.h; sourceTree = "<group>"; };
		AF5038A917237AA2002E5EF8 /* Reachability.m */ = {isa = PBXFileReference; fileEncoding = 4; lastKnownFileType = sourcecode.c.objc; path = Reachability.m; sourceTree = "<group>"; };
		AF5038AB17237AA2002E5EF8 /* JSON.h */ = {isa = PBXFileReference; fileEncoding = 4; lastKnownFileType = sourcecode.c.h; path = JSON.h; sourceTree = "<group>"; };
		AF5038AC17237AA2002E5EF8 /* NSObject+SBJSON.h */ = {isa = PBXFileReference; fileEncoding = 4; lastKnownFileType = sourcecode.c.h; path = "NSObject+SBJSON.h"; sourceTree = "<group>"; };
		AF5038AD17237AA2002E5EF8 /* NSObject+SBJSON.m */ = {isa = PBXFileReference; fileEncoding = 4; lastKnownFileType = sourcecode.c.objc; path = "NSObject+SBJSON.m"; sourceTree = "<group>"; };
		AF5038AE17237AA2002E5EF8 /* NSString+SBJSON.h */ = {isa = PBXFileReference; fileEncoding = 4; lastKnownFileType = sourcecode.c.h; path = "NSString+SBJSON.h"; sourceTree = "<group>"; };
		AF5038AF17237AA2002E5EF8 /* NSString+SBJSON.m */ = {isa = PBXFileReference; fileEncoding = 4; lastKnownFileType = sourcecode.c.objc; path = "NSString+SBJSON.m"; sourceTree = "<group>"; };
		AF5038B017237AA2002E5EF8 /* SBJSON.h */ = {isa = PBXFileReference; fileEncoding = 4; lastKnownFileType = sourcecode.c.h; path = SBJSON.h; sourceTree = "<group>"; };
		AF5038B117237AA2002E5EF8 /* SBJSON.m */ = {isa = PBXFileReference; fileEncoding = 4; lastKnownFileType = sourcecode.c.objc; path = SBJSON.m; sourceTree = "<group>"; };
		AF5038B217237AA2002E5EF8 /* SBJsonBase.h */ = {isa = PBXFileReference; fileEncoding = 4; lastKnownFileType = sourcecode.c.h; path = SBJsonBase.h; sourceTree = "<group>"; };
		AF5038B317237AA2002E5EF8 /* SBJsonBase.m */ = {isa = PBXFileReference; fileEncoding = 4; lastKnownFileType = sourcecode.c.objc; path = SBJsonBase.m; sourceTree = "<group>"; };
		AF5038B417237AA2002E5EF8 /* SBJsonParser.h */ = {isa = PBXFileReference; fileEncoding = 4; lastKnownFileType = sourcecode.c.h; path = SBJsonParser.h; sourceTree = "<group>"; };
		AF5038B517237AA2002E5EF8 /* SBJsonParser.m */ = {isa = PBXFileReference; fileEncoding = 4; lastKnownFileType = sourcecode.c.objc; path = SBJsonParser.m; sourceTree = "<group>"; };
		AF5038B617237AA2002E5EF8 /* SBJsonWriter.h */ = {isa = PBXFileReference; fileEncoding = 4; lastKnownFileType = sourcecode.c.h; path = SBJsonWriter.h; sourceTree = "<group>"; };
		AF5038B717237AA2002E5EF8 /* SBJsonWriter.m */ = {isa = PBXFileReference; fileEncoding = 4; lastKnownFileType = sourcecode.c.objc; path = SBJsonWriter.m; sourceTree = "<group>"; };
		AF5038CA17237AD9002E5EF8 /* CoreGraphics.framework */ = {isa = PBXFileReference; lastKnownFileType = wrapper.framework; name = CoreGraphics.framework; path = System/Library/Frameworks/CoreGraphics.framework; sourceTree = SDKROOT; };
		AF5038CC17237ADE002E5EF8 /* libz.dylib */ = {isa = PBXFileReference; lastKnownFileType = "compiled.mach-o.dylib"; name = libz.dylib; path = usr/lib/libz.dylib; sourceTree = SDKROOT; };
		AF5038CE17237AE4002E5EF8 /* MobileCoreServices.framework */ = {isa = PBXFileReference; lastKnownFileType = wrapper.framework; name = MobileCoreServices.framework; path = System/Library/Frameworks/MobileCoreServices.framework; sourceTree = SDKROOT; };
		AF5038D017237AEC002E5EF8 /* SystemConfiguration.framework */ = {isa = PBXFileReference; lastKnownFileType = wrapper.framework; name = SystemConfiguration.framework; path = System/Library/Frameworks/SystemConfiguration.framework; sourceTree = SDKROOT; };
		AF5038D217237AF1002E5EF8 /* CFNetwork.framework */ = {isa = PBXFileReference; lastKnownFileType = wrapper.framework; name = CFNetwork.framework; path = System/Library/Frameworks/CFNetwork.framework; sourceTree = SDKROOT; };
/* End PBXFileReference section */

/* Begin PBXFrameworksBuildPhase section */
		AF50387B17237A8C002E5EF8 /* Frameworks */ = {
			isa = PBXFrameworksBuildPhase;
			buildActionMask = 2147483647;
			files = (
				AF5038D317237AF1002E5EF8 /* CFNetwork.framework in Frameworks */,
				AF5038D117237AEC002E5EF8 /* SystemConfiguration.framework in Frameworks */,
				AF5038CF17237AE4002E5EF8 /* MobileCoreServices.framework in Frameworks */,
				AF5038CD17237ADE002E5EF8 /* libz.dylib in Frameworks */,
				AF5038CB17237AD9002E5EF8 /* CoreGraphics.framework in Frameworks */,
				AF50388217237A8C002E5EF8 /* Foundation.framework in Frameworks */,
			);
			runOnlyForDeploymentPostprocessing = 0;
		};
/* End PBXFrameworksBuildPhase section */

/* Begin PBXGroup section */
		AF50387517237A8C002E5EF8 = {
			isa = PBXGroup;
			children = (
				AF50388F17237AA2002E5EF8 /* ASI */,
				AF5038A517237AA2002E5EF8 /* DefineHeader.h */,
				AF5038A617237AA2002E5EF8 /* External */,
				AF5038AA17237AA2002E5EF8 /* json */,
				AF50388317237A8C002E5EF8 /* ActozSDKLib */,
				AF50388017237A8C002E5EF8 /* Frameworks */,
				AF50387F17237A8C002E5EF8 /* Products */,
			);
			sourceTree = "<group>";
		};
		AF50387F17237A8C002E5EF8 /* Products */ = {
			isa = PBXGroup;
			children = (
				AF50387E17237A8C002E5EF8 /* libActozSDKLib.a */,
			);
			name = Products;
			sourceTree = "<group>";
		};
		AF50388017237A8C002E5EF8 /* Frameworks */ = {
			isa = PBXGroup;
			children = (
				AF5038D217237AF1002E5EF8 /* CFNetwork.framework */,
				AF5038D017237AEC002E5EF8 /* SystemConfiguration.framework */,
				AF5038CE17237AE4002E5EF8 /* MobileCoreServices.framework */,
				AF5038CC17237ADE002E5EF8 /* libz.dylib */,
				AF5038CA17237AD9002E5EF8 /* CoreGraphics.framework */,
				AF50388117237A8C002E5EF8 /* Foundation.framework */,
			);
			name = Frameworks;
			sourceTree = "<group>";
		};
		AF50388317237A8C002E5EF8 /* ActozSDKLib */ = {
			isa = PBXGroup;
			children = (
				AF50388617237A8C002E5EF8 /* ActozSDKLib.h */,
				AF50388817237A8C002E5EF8 /* ActozSDKLib.m */,
				AF50388417237A8C002E5EF8 /* Supporting Files */,
			);
			path = ActozSDKLib;
			sourceTree = "<group>";
		};
		AF50388417237A8C002E5EF8 /* Supporting Files */ = {
			isa = PBXGroup;
			children = (
				AF50388517237A8C002E5EF8 /* ActozSDKLib-Prefix.pch */,
			);
			name = "Supporting Files";
			sourceTree = "<group>";
		};
		AF50388F17237AA2002E5EF8 /* ASI */ = {
			isa = PBXGroup;
			children = (
				AF50389017237AA2002E5EF8 /* ASIAuthenticationDialog.h */,
				AF50389117237AA2002E5EF8 /* ASIAuthenticationDialog.m */,
				AF50389217237AA2002E5EF8 /* ASIDataCompressor.h */,
				AF50389317237AA2002E5EF8 /* ASIDataCompressor.m */,
				AF50389417237AA2002E5EF8 /* ASIDataDecompressor.h */,
				AF50389517237AA2002E5EF8 /* ASIDataDecompressor.m */,
				AF50389617237AA2002E5EF8 /* ASIDownloadCache.h */,
				AF50389717237AA2002E5EF8 /* ASIDownloadCache.m */,
				AF50389817237AA2002E5EF8 /* ASIFormDataRequest.h */,
				AF50389917237AA2002E5EF8 /* ASIFormDataRequest.m */,
				AF50389A17237AA2002E5EF8 /* ASIHTTPRequest.h */,
				AF50389B17237AA2002E5EF8 /* ASIHTTPRequest.m */,
				AF50389C17237AA2002E5EF8 /* ASIHTTPRequestConfig.h */,
				AF50389D17237AA2002E5EF8 /* ASIHTTPRequestDelegate.h */,
				AF50389E17237AA2002E5EF8 /* ASIInputStream.h */,
				AF50389F17237AA2002E5EF8 /* ASIInputStream.m */,
				AF5038A017237AA2002E5EF8 /* ASINetworkQueue.h */,
				AF5038A117237AA2002E5EF8 /* ASINetworkQueue.m */,
				AF5038A217237AA2002E5EF8 /* ASIProgressDelegate.h */,
				AF5038A317237AA2002E5EF8 /* CustomProgress.h */,
				AF5038A417237AA2002E5EF8 /* CustomProgress.m */,
			);
			path = ASI;
			sourceTree = "<group>";
		};
		AF5038A617237AA2002E5EF8 /* External */ = {
			isa = PBXGroup;
			children = (
				AF5038A717237AA2002E5EF8 /* Reachability */,
			);
			path = External;
			sourceTree = "<group>";
		};
		AF5038A717237AA2002E5EF8 /* Reachability */ = {
			isa = PBXGroup;
			children = (
				AF5038A817237AA2002E5EF8 /* Reachability.h */,
				AF5038A917237AA2002E5EF8 /* Reachability.m */,
			);
			path = Reachability;
			sourceTree = "<group>";
		};
		AF5038AA17237AA2002E5EF8 /* json */ = {
			isa = PBXGroup;
			children = (
				AF5038AB17237AA2002E5EF8 /* JSON.h */,
				AF5038AC17237AA2002E5EF8 /* NSObject+SBJSON.h */,
				AF5038AD17237AA2002E5EF8 /* NSObject+SBJSON.m */,
				AF5038AE17237AA2002E5EF8 /* NSString+SBJSON.h */,
				AF5038AF17237AA2002E5EF8 /* NSString+SBJSON.m */,
				AF5038B017237AA2002E5EF8 /* SBJSON.h */,
				AF5038B117237AA2002E5EF8 /* SBJSON.m */,
				AF5038B217237AA2002E5EF8 /* SBJsonBase.h */,
				AF5038B317237AA2002E5EF8 /* SBJsonBase.m */,
				AF5038B417237AA2002E5EF8 /* SBJsonParser.h */,
				AF5038B517237AA2002E5EF8 /* SBJsonParser.m */,
				AF5038B617237AA2002E5EF8 /* SBJsonWriter.h */,
				AF5038B717237AA2002E5EF8 /* SBJsonWriter.m */,
			);
			path = json;
			sourceTree = "<group>";
		};
/* End PBXGroup section */

/* Begin PBXNativeTarget section */
		AF50387D17237A8C002E5EF8 /* ActozSDKLib */ = {
			isa = PBXNativeTarget;
			buildConfigurationList = AF50388C17237A8C002E5EF8 /* Build configuration list for PBXNativeTarget "ActozSDKLib" */;
			buildPhases = (
				AF50387A17237A8C002E5EF8 /* Sources */,
				AF50387B17237A8C002E5EF8 /* Frameworks */,
				AF50387C17237A8C002E5EF8 /* CopyFiles */,
				AF5038C917237AC7002E5EF8 /* ShellScript */,
			);
			buildRules = (
			);
			dependencies = (
			);
			name = ActozSDKLib;
			productName = ActozSDKLib;
			productReference = AF50387E17237A8C002E5EF8 /* libActozSDKLib.a */;
			productType = "com.apple.product-type.library.static";
		};
/* End PBXNativeTarget section */

/* Begin PBXProject section */
		AF50387617237A8C002E5EF8 /* Project object */ = {
			isa = PBXProject;
			attributes = {
				LastUpgradeCheck = 0460;
				ORGANIZATIONNAME = "구정현";
			};
			buildConfigurationList = AF50387917237A8C002E5EF8 /* Build configuration list for PBXProject "ActozSDKLib" */;
			compatibilityVersion = "Xcode 3.2";
			developmentRegion = English;
			hasScannedForEncodings = 0;
			knownRegions = (
				en,
			);
			mainGroup = AF50387517237A8C002E5EF8;
			productRefGroup = AF50387F17237A8C002E5EF8 /* Products */;
			projectDirPath = "";
			projectRoot = "";
			targets = (
				AF50387D17237A8C002E5EF8 /* ActozSDKLib */,
			);
		};
/* End PBXProject section */

/* Begin PBXShellScriptBuildPhase section */
		AF5038C917237AC7002E5EF8 /* ShellScript */ = {
			isa = PBXShellScriptBuildPhase;
			buildActionMask = 2147483647;
			files = (
			);
			inputPaths = (
			);
			outputPaths = (
			);
			runOnlyForDeploymentPostprocessing = 0;
			shellPath = /bin/sh;
			shellScript = "rm -rf /Users/howhansume/Mylib/${PRODUCT_NAME}\nmkdir /Users/howhansume/Mylib/${PRODUCT_NAME}\ncp -R ${BUILT_PRODUCTS_DIR}/include/${PRODUCT_NAME}/ /Users/howhansume/Mylib/${PRODUCT_NAME}\ncp -R ${BUILT_PRODUCTS_DIR}/*.a /Users/howhansume/Mylib/${PRODUCT_NAME}";
		};
/* End PBXShellScriptBuildPhase section */

/* Begin PBXSourcesBuildPhase section */
		AF50387A17237A8C002E5EF8 /* Sources */ = {
			isa = PBXSourcesBuildPhase;
			buildActionMask = 2147483647;
			files = (
				AF50388917237A8C002E5EF8 /* ActozSDKLib.m in Sources */,
				AF5038B817237AA2002E5EF8 /* ASIAuthenticationDialog.m in Sources */,
				AF5038B917237AA2002E5EF8 /* ASIDataCompressor.m in Sources */,
				AF5038BA17237AA2002E5EF8 /* ASIDataDecompressor.m in Sources */,
				AF5038BB17237AA2002E5EF8 /* ASIDownloadCache.m in Sources */,
				AF5038BC17237AA2002E5EF8 /* ASIFormDataRequest.m in Sources */,
				AF5038BD17237AA2002E5EF8 /* ASIHTTPRequest.m in Sources */,
				AF5038BE17237AA2002E5EF8 /* ASIInputStream.m in Sources */,
				AF5038BF17237AA2002E5EF8 /* ASINetworkQueue.m in Sources */,
				AF5038C017237AA2002E5EF8 /* CustomProgress.m in Sources */,
				AF5038C117237AA2002E5EF8 /* Reachability.m in Sources */,
				AF5038C217237AA2002E5EF8 /* NSObject+SBJSON.m in Sources */,
				AF5038C317237AA2002E5EF8 /* NSString+SBJSON.m in Sources */,
				AF5038C417237AA2002E5EF8 /* SBJSON.m in Sources */,
				AF5038C517237AA2002E5EF8 /* SBJsonBase.m in Sources */,
				AF5038C617237AA2002E5EF8 /* SBJsonParser.m in Sources */,
				AF5038C717237AA2002E5EF8 /* SBJsonWriter.m in Sources */,
			);
			runOnlyForDeploymentPostprocessing = 0;
		};
/* End PBXSourcesBuildPhase section */

/* Begin XCBuildConfiguration section */
		AF50388A17237A8C002E5EF8 /* Debug */ = {
			isa = XCBuildConfiguration;
			buildSettings = {
				ALWAYS_SEARCH_USER_PATHS = NO;
				CLANG_CXX_LANGUAGE_STANDARD = "gnu++0x";
				CLANG_CXX_LIBRARY = "libc++";
				CLANG_WARN_CONSTANT_CONVERSION = YES;
				CLANG_WARN_EMPTY_BODY = YES;
				CLANG_WARN_ENUM_CONVERSION = YES;
				CLANG_WARN_INT_CONVERSION = YES;
				CLANG_WARN__DUPLICATE_METHOD_MATCH = YES;
				COPY_PHASE_STRIP = NO;
				GCC_C_LANGUAGE_STANDARD = gnu99;
				GCC_DYNAMIC_NO_PIC = NO;
				GCC_OPTIMIZATION_LEVEL = 0;
				GCC_PREPROCESSOR_DEFINITIONS = (
					"DEBUG=1",
					"$(inherited)",
				);
				GCC_SYMBOLS_PRIVATE_EXTERN = NO;
				GCC_WARN_ABOUT_RETURN_TYPE = YES;
				GCC_WARN_UNINITIALIZED_AUTOS = YES;
				GCC_WARN_UNUSED_VARIABLE = YES;
				IPHONEOS_DEPLOYMENT_TARGET = 6.1;
				ONLY_ACTIVE_ARCH = YES;
				SDKROOT = iphoneos;
			};
			name = Debug;
		};
		AF50388B17237A8C002E5EF8 /* Release */ = {
			isa = XCBuildConfiguration;
			buildSettings = {
				ALWAYS_SEARCH_USER_PATHS = NO;
				CLANG_CXX_LANGUAGE_STANDARD = "gnu++0x";
				CLANG_CXX_LIBRARY = "libc++";
				CLANG_WARN_CONSTANT_CONVERSION = YES;
				CLANG_WARN_EMPTY_BODY = YES;
				CLANG_WARN_ENUM_CONVERSION = YES;
				CLANG_WARN_INT_CONVERSION = YES;
				CLANG_WARN__DUPLICATE_METHOD_MATCH = YES;
				COPY_PHASE_STRIP = YES;
				GCC_C_LANGUAGE_STANDARD = gnu99;
				GCC_WARN_ABOUT_RETURN_TYPE = YES;
				GCC_WARN_UNINITIALIZED_AUTOS = YES;
				GCC_WARN_UNUSED_VARIABLE = YES;
				IPHONEOS_DEPLOYMENT_TARGET = 6.1;
				SDKROOT = iphoneos;
				VALIDATE_PRODUCT = YES;
			};
			name = Release;
		};
		AF50388D17237A8C002E5EF8 /* Debug */ = {
			isa = XCBuildConfiguration;
			buildSettings = {
				DSTROOT = /tmp/ActozSDKLib.dst;
				GCC_PRECOMPILE_PREFIX_HEADER = YES;
				GCC_PREFIX_HEADER = "ActozSDKLib/ActozSDKLib-Prefix.pch";
				OTHER_LDFLAGS = "-ObjC";
				PRODUCT_NAME = "$(TARGET_NAME)";
				SKIP_INSTALL = YES;
			};
			name = Debug;
		};
		AF50388E17237A8C002E5EF8 /* Release */ = {
			isa = XCBuildConfiguration;
			buildSettings = {
				DSTROOT = /tmp/ActozSDKLib.dst;
				GCC_PRECOMPILE_PREFIX_HEADER = YES;
				GCC_PREFIX_HEADER = "ActozSDKLib/ActozSDKLib-Prefix.pch";
				OTHER_LDFLAGS = "-ObjC";
				PRODUCT_NAME = "$(TARGET_NAME)";
				SKIP_INSTALL = YES;
			};
			name = Release;
		};
/* End XCBuildConfiguration section */

/* Begin XCConfigurationList section */
		AF50387917237A8C002E5EF8 /* Build configuration list for PBXProject "ActozSDKLib" */ = {
			isa = XCConfigurationList;
			buildConfigurations = (
				AF50388A17237A8C002E5EF8 /* Debug */,
				AF50388B17237A8C002E5EF8 /* Release */,
			);
			defaultConfigurationIsVisible = 0;
			defaultConfigurationName = Release;
		};
		AF50388C17237A8C002E5EF8 /* Build configuration list for PBXNativeTarget "ActozSDKLib" */ = {
			isa = XCConfigurationList;
			buildConfigurations = (
				AF50388D17237A8C002E5EF8 /* Debug */,
				AF50388E17237A8C002E5EF8 /* Release */,
			);
			defaultConfigurationIsVisible = 0;
		};
/* End XCConfigurationList section */
	};
	rootObject = AF50387617237A8C002E5EF8 /* Project object */;
}
